{
  "version": "2",
  "remote": {
    "https://deno.land/std@0.153.0/fmt/colors.ts": "ff7dc9c9f33a72bd48bc24b21bbc1b4545d8494a431f17894dbc5fe92a938fc4",
    "https://deno.land/std@0.200.0/assert/_constants.ts": "8a9da298c26750b28b326b297316cdde860bc237533b07e1337c021379e6b2a9",
    "https://deno.land/std@0.200.0/assert/_diff.ts": "1a3c044aedf77647d6cac86b798c6417603361b66b54c53331b312caeb447aea",
    "https://deno.land/std@0.200.0/assert/_format.ts": "a69126e8a469009adf4cf2a50af889aca364c349797e63174884a52ff75cf4c7",
    "https://deno.land/std@0.200.0/assert/assert.ts": "9a97dad6d98c238938e7540736b826440ad8c1c1e54430ca4c4e623e585607ee",
    "https://deno.land/std@0.200.0/assert/assert_almost_equals.ts": "e15ca1f34d0d5e0afae63b3f5d975cbd18335a132e42b0c747d282f62ad2cd6c",
    "https://deno.land/std@0.200.0/assert/assert_array_includes.ts": "6856d7f2c3544bc6e62fb4646dfefa3d1df5ff14744d1bca19f0cbaf3b0d66c9",
    "https://deno.land/std@0.200.0/assert/assert_equals.ts": "d8ec8a22447fbaf2fc9d7c3ed2e66790fdb74beae3e482855d75782218d68227",
    "https://deno.land/std@0.200.0/assert/assert_exists.ts": "407cb6b9fb23a835cd8d5ad804e2e2edbbbf3870e322d53f79e1c7a512e2efd7",
    "https://deno.land/std@0.200.0/assert/assert_false.ts": "a9962749f4bf5844e3fa494257f1de73d69e4fe0e82c34d0099287552163a2dc",
    "https://deno.land/std@0.200.0/assert/assert_instance_of.ts": "09fd297352a5b5bbb16da2b5e1a0d8c6c44da5447772648622dcc7df7af1ddb8",
    "https://deno.land/std@0.200.0/assert/assert_is_error.ts": "b4eae4e5d182272efc172bf28e2e30b86bb1650cd88aea059e5d2586d4160fb9",
    "https://deno.land/std@0.200.0/assert/assert_match.ts": "c4083f80600bc190309903c95e397a7c9257ff8b5ae5c7ef91e834704e672e9b",
    "https://deno.land/std@0.200.0/assert/assert_not_equals.ts": "9f1acab95bd1f5fc9a1b17b8027d894509a745d91bac1718fdab51dc76831754",
    "https://deno.land/std@0.200.0/assert/assert_not_instance_of.ts": "0c14d3dfd9ab7a5276ed8ed0b18c703d79a3d106102077ec437bfe7ed912bd22",
    "https://deno.land/std@0.200.0/assert/assert_not_match.ts": "3796a5b0c57a1ce6c1c57883dd4286be13a26f715ea662318ab43a8491a13ab0",
    "https://deno.land/std@0.200.0/assert/assert_not_strict_equals.ts": "ca6c6d645e95fbc873d25320efeb8c4c6089a9a5e09f92d7c1c4b6e935c2a6ad",
    "https://deno.land/std@0.200.0/assert/assert_object_match.ts": "d8fc2867cfd92eeacf9cea621e10336b666de1874a6767b5ec48988838370b54",
    "https://deno.land/std@0.200.0/assert/assert_rejects.ts": "45c59724de2701e3b1f67c391d6c71c392363635aad3f68a1b3408f9efca0057",
    "https://deno.land/std@0.200.0/assert/assert_strict_equals.ts": "b1f538a7ea5f8348aeca261d4f9ca603127c665e0f2bbfeb91fa272787c87265",
    "https://deno.land/std@0.200.0/assert/assert_string_includes.ts": "b821d39ebf5cb0200a348863c86d8c4c4b398e02012ce74ad15666fc4b631b0c",
    "https://deno.land/std@0.200.0/assert/assert_throws.ts": "63784e951475cb7bdfd59878cd25a0931e18f6dc32a6077c454b2cd94f4f4bcd",
    "https://deno.land/std@0.200.0/assert/assertion_error.ts": "4d0bde9b374dfbcbe8ac23f54f567b77024fb67dbb1906a852d67fe050d42f56",
    "https://deno.land/std@0.200.0/assert/equal.ts": "9f1a46d5993966d2596c44e5858eec821859b45f783a5ee2f7a695dfc12d8ece",
    "https://deno.land/std@0.200.0/assert/fail.ts": "c36353d7ae6e1f7933d45f8ea51e358c8c4b67d7e7502028598fe1fea062e278",
    "https://deno.land/std@0.200.0/assert/mod.ts": "08d55a652c22c5da0215054b21085cec25a5da47ce4a6f9de7d9ad36df35bdee",
    "https://deno.land/std@0.200.0/assert/unimplemented.ts": "d56fbeecb1f108331a380f72e3e010a1f161baa6956fd0f7cf3e095ae1a4c75a",
    "https://deno.land/std@0.200.0/assert/unreachable.ts": "4600dc0baf7d9c15a7f7d234f00c23bca8f3eba8b140286aaca7aa998cf9a536",
    "https://deno.land/std@0.200.0/encoding/base64.ts": "144ae6234c1fbe5b68666c711dc15b1e9ee2aef6d42b3b4345bf9a6c91d70d0d",
    "https://deno.land/std@0.200.0/fmt/colors.ts": "a7eecffdf3d1d54db890723b303847b6e0a1ab4b528ba6958b8f2e754cf1b3bc",
    "https://deno.land/std@0.201.0/dotenv/load.ts": "0636983549b98f29ab75c9a22a42d9723f0a389ece5498fe971e7bb2556a12e2",
    "https://deno.land/std@0.201.0/dotenv/mod.ts": "1da8c6d0e7f7d8a5c2b19400b763bc11739df24acec235dda7ea2cfd3d300057",
    "https://deno.land/std@0.69.0/fmt/colors.ts": "ce9375edade12ca09c257743f223fc469d72578d0c74a55cbf1a34f6198ce3df",
    "https://deno.land/x/crc32@v0.2.0/mod.ts": "de7a3fa2d4ef24b96fc21e1cc4d2d65d1d2b1dcea92f63960e3e11bfa82df0fa",
    "https://deno.land/x/envalid@0.1.2/core.ts": "9cb1b469919af72d3ad8576f952c8b695e9b5356878d84f15db9328b7afab2d5",
    "https://deno.land/x/envalid@0.1.2/envalid.ts": "76755815e2643aacbe604e3cd76415f0f4c8cc04d7cdbae0ab05a0ebc86ceb38",
    "https://deno.land/x/envalid@0.1.2/errors.ts": "8524f99ff929abe5c9fa07c250cafb15e564d5339ae8fdfabd6d56fab9ec7e00",
    "https://deno.land/x/envalid@0.1.2/middleware.ts": "c7a88e1dce3f280471844c36080a346ac3aadc4420b3fbff92807d21f3aec1e2",
    "https://deno.land/x/envalid@0.1.2/mod.ts": "c82f8e49cf6b008478a11275bbc9c55a4f900a2010fb4d0882cfba6f914eaa1c",
    "https://deno.land/x/envalid@0.1.2/reporter.ts": "5affd2863a25cca71e7f249504f0670112e5e1742dd8a3977764e45fa5957dcc",
    "https://deno.land/x/envalid@0.1.2/types.ts": "3c8630c015922739c8e0c3638dd446bbaf627ecccfb9b21329dbd0af82c4236d",
    "https://deno.land/x/envalid@0.1.2/validators.ts": "9252d4a0a70a7c1895be7813596a562cd8b105756f7cbbd8e49caf1bf4998453",
    "https://deno.land/x/html_parser@v0.1.3/src/DomHandler.ts": "5031e2062c95daa5a14fefbf3a54872be944e6ccb3dc75301591333f5607870d",
    "https://deno.land/x/html_parser@v0.1.3/src/DomSerializer.ts": "b7248766f7e708716f4c48bf17796a65fe28490efed659c7bdbd62eaffd691b7",
    "https://deno.land/x/html_parser@v0.1.3/src/ElementType.ts": "1ebd2f95b3e44dfb76e4700efc0cf33a5b15f09384c227c5da5d35f5af98f55b",
    "https://deno.land/x/html_parser@v0.1.3/src/FeedHandler.ts": "44377ed272f63a4b81582fe5523733e0d4d1f1507456d657eaf8dbfaa67d61bb",
    "https://deno.land/x/html_parser@v0.1.3/src/Node.ts": "cddecdcf9afc7dedb83cdd8952995dd14a94f272f232be6326e2dea520de83b7",
    "https://deno.land/x/html_parser@v0.1.3/src/Parser.ts": "edad95d019e2c4471e8de9df9de0d39772e0e16fb6b35196acae407d6ea64c24",
    "https://deno.land/x/html_parser@v0.1.3/src/Tokenizer.ts": "1b063499822abf8f5d265d1642aecfbf56e7862846fc33e03ecc758d87f43da8",
    "https://deno.land/x/html_parser@v0.1.3/src/mod.ts": "1209bdc0336244fb77803bba1ef0af4c68208fd03b0d68bc7de59a45e8d501ff",
    "https://deno.land/x/html_parser@v0.1.3/src/utils/entities/decode.ts": "e154124a2453841b25c0de8df98bd9ee3aac4cb7e01348fefd0512cf27aaa88f",
    "https://deno.land/x/html_parser@v0.1.3/src/utils/entities/decode_codepoint.ts": "9e17c1f957824bf0eb5a91615890370c18d7811bdf2eaae1daf41a9a077217eb",
    "https://deno.land/x/html_parser@v0.1.3/src/utils/entities/encode.ts": "1ca9c103ad1aed445f3456176dcf299534b7327a6fa8506718560d92ddee359f",
    "https://deno.land/x/html_parser@v0.1.3/src/utils/entities/maps/decode.ts": "e201c7adbdff8056dac535f7c8ef36daf79bf9fd4bdd1c447225e2cd6d8fd955",
    "https://deno.land/x/html_parser@v0.1.3/src/utils/entities/maps/entities.ts": "84c2f1ef39cecd6fb8a2a20ab998f6d20fbde71254e6b860926d75d9d53192bb",
    "https://deno.land/x/html_parser@v0.1.3/src/utils/entities/maps/legacy.ts": "a665ba8685bf0bfe5e095afcebd0b6d17f49207fc4004c1b6b85c50092aae7d0",
    "https://deno.land/x/html_parser@v0.1.3/src/utils/entities/maps/xml.ts": "4dfd749cb05cdd0c108e9219cc3f73f2de6cf0028fdaa28887c63a6bf352f2cd",
    "https://deno.land/x/html_parser@v0.1.3/src/utils/entities/mod.ts": "3f501119cdd84f729e586ac6acac12b8273aa0c1556a67a75b370f5a21c52526",
    "https://deno.land/x/html_parser@v0.1.3/src/utils/helpers.ts": "0e01ed4aa92197a13e74fcd00483351fb18682d0b9ef0f4c1903e16bd4310e81",
    "https://deno.land/x/html_parser@v0.1.3/src/utils/legacy.ts": "138d1cf436fef4be5d8d35521ffe6ca4a74cc46c1ba8e219b44fcbc951f07f5c",
    "https://deno.land/x/html_parser@v0.1.3/src/utils/manipulation.ts": "a05e88097e6ac8c706cdd76d06080b7970d84fd7fbd20bda2d9d1b46579430bc",
    "https://deno.land/x/html_parser@v0.1.3/src/utils/mod.ts": "cc96619cc04c1424888201f87b85d16d398a41e68e64cebd058d0ee623a38645",
    "https://deno.land/x/html_parser@v0.1.3/src/utils/querying.ts": "b8efd0fbbcc38c386633ce6233d91508f3f35115ac3930eb71063e2576429eb3",
    "https://deno.land/x/html_parser@v0.1.3/src/utils/stringify.ts": "df98808214552b40b12fe00d833431ef5ae22a4842c3af1373c33d611ffc4e24",
    "https://deno.land/x/html_parser@v0.1.3/src/utils/traversal.ts": "84988442d00f83728d87d6e462113ad5107f002e32e08d88a99c7284e0252d60",
    "https://deno.land/x/mtkruto@0.0.996/0_deps.ts": "9ec3511ec420e8b96f87cdb6a71a1f2907326c0fdeecbcd84f6b110b61e4aa06",
    "https://deno.land/x/mtkruto@0.0.996/1_utilities.ts": "d88cc4df197ca7c6db2bcf1fa4ea65b0cc85e11d335122ff8fa1c8bb1d678c31",
    "https://deno.land/x/mtkruto@0.0.996/2_connection.ts": "bea531073ec9d1ab2fa43ab1542725d64e5ae5f69e639f9903f059def97ec324",
    "https://deno.land/x/mtkruto@0.0.996/2_tl.ts": "fb7788c814a95794a29216d7f4f322666e43bff78bf626d2383115e85a7387ff",
    "https://deno.land/x/mtkruto@0.0.996/3_storage.ts": "c30d7da3e9a931bde550d01745ae8122fb3dce0727facbfe11d4c8dc4a1f862f",
    "https://deno.land/x/mtkruto@0.0.996/3_transport.ts": "f5e546a7bc917c1d5dfe5555c94f1369874874eda81c9333e4e657359c5737ed",
    "https://deno.land/x/mtkruto@0.0.996/3_types.ts": "d29bcb64dd70a69a33c371d4eba6590db39150f475f84a6286d16c68ff55f258",
    "https://deno.land/x/mtkruto@0.0.996/4_constants.ts": "49476a9f4f61c59443c10939dcb442f70ba76cfc3621274acfcef362750774c7",
    "https://deno.land/x/mtkruto@0.0.996/5_client.ts": "d3484293780b727185c8f7d2edd5906b85cb58aa3c06c2561bb62e373210d9e4",
    "https://deno.land/x/mtkruto@0.0.996/client/0_html.ts": "ac9e36345649c706114d0d8aff4e327760e5ade2c995268c2b00e7310aad7ef4",
    "https://deno.land/x/mtkruto@0.0.996/client/0_message.ts": "d1be83d98674ffc5d13b033d78317c44df5f7ce03a5257e8b8edbdae37ca34b5",
    "https://deno.land/x/mtkruto@0.0.996/client/0_password.ts": "b9666824ce1acb1199f357fa3148793d3c33cfe3041841eadfd62619b864f1da",
    "https://deno.land/x/mtkruto@0.0.996/client/0_utilities.ts": "206265864fd480abea355727badc19019b64197b467322374d2e0a09c81cc9ae",
    "https://deno.land/x/mtkruto@0.0.996/client/1_client_abstract.ts": "243887907b410a81b5dd450e738981baad3277f77c25cd6086a9eeff818db443",
    "https://deno.land/x/mtkruto@0.0.996/client/2_client_plain.ts": "2fbefcbdf3a3406362b94fe56a56b049efbb582b89c1bc48fcaf1434eccd7966",
    "https://deno.land/x/mtkruto@0.0.996/client/3_types.ts": "afe6a862acee105e5c9366d2830f2b943b5354e9ac7b494a21b508491313568c",
    "https://deno.land/x/mtkruto@0.0.996/client/4_client.ts": "08200512bca74aaf78f7d023e8a7a7948f02d57ed679d9c3f6e80933b6ba8be5",
    "https://deno.land/x/mtkruto@0.0.996/connection/0_connection.ts": "63d6249449115f8ec30ec89c105134577adc9d1be87061302e6e2641295ecd70",
    "https://deno.land/x/mtkruto@0.0.996/connection/1_connection_web_socket.ts": "acde3df1d6e1fd6fd84511428d826fb59fec3b5b44834f35c949f60009407b23",
    "https://deno.land/x/mtkruto@0.0.996/mod.ts": "e983c217688032e7cd06f04ec33e52e9e6817a758e71d5ce71bba52154c6e979",
    "https://deno.land/x/mtkruto@0.0.996/storage/0_storage.ts": "01c180f1d91315e4a4dbea0bd543c85c461967b2607c96ef346634a7dd9cefa6",
    "https://deno.land/x/mtkruto@0.0.996/storage/0_utilities.ts": "402a1d7ad84d9cb2ca8a414ccd4d79defe8a4d3c0bae1df0b6a0d1c364e5aa50",
    "https://deno.land/x/mtkruto@0.0.996/storage/1_storage_deno_kv.ts": "21efc9cd70361ee32cb37597c5c7dcb79f07dda5f1d6969665ddd9c497aada48",
    "https://deno.land/x/mtkruto@0.0.996/storage/1_storage_indexed_db.ts": "87574e9bba006cc4ab13b12938216422adde97396a783d7ee2a956e8184f4cc3",
    "https://deno.land/x/mtkruto@0.0.996/storage/1_storage_local_storage.ts": "b03bf3460c8b2076f822e3617082e4987bd5cdad6053fb326eb5d3acaa62e1b0",
    "https://deno.land/x/mtkruto@0.0.996/storage/1_storage_memory.ts": "988e232b06d728dc5b02364ee8151e55089056b84c9bf346e478d3ae59bc1d82",
    "https://deno.land/x/mtkruto@0.0.996/storage/1_storage_session_storage.ts": "4fc5382b8a78448eab729678b218a088a87e8b92ff23689dfce664557d91d985",
    "https://deno.land/x/mtkruto@0.0.996/tl/0_tl_raw_reader.ts": "77b0e9a4e57994b21acd5250fca516b084285ca65a25e572aa05b0ad3518b404",
    "https://deno.land/x/mtkruto@0.0.996/tl/0_tl_raw_writer.ts": "2ad0060f3ff073122586c4f4d0a1f1e9869052d721e0618cb4d2af529b92f299",
    "https://deno.land/x/mtkruto@0.0.996/tl/1_tl_object.ts": "6ce4a6fdbcce845e1c1bbf6bce567b972dd8359e8dbc47d15a43d7fbbb6d8a09",
    "https://deno.land/x/mtkruto@0.0.996/tl/2_types.ts": "b94cecebe0af4de1df4a799f8f45149dc88b2b1715a0399669a7133e66838a59",
    "https://deno.land/x/mtkruto@0.0.996/tl/3_deserialize.ts": "441f777dcd470d4b44de778f281edb47dfcdc4e49911f3bd51cef33cc0ca5f26",
    "https://deno.land/x/mtkruto@0.0.996/tl/3_functions.ts": "c3a05771dca527e73a64f80d6e5e4108e2a2deb21c95a27f6969245dff336d68",
    "https://deno.land/x/mtkruto@0.0.996/tl/3_tl_reader.ts": "77263f22b214cc1af13473b30ba5aaf0bf518c2dc298566c4194f88622faa978",
    "https://deno.land/x/mtkruto@0.0.996/tl/3_utilities.ts": "a2a017997de5ec4a2401ae72c2ad2fb84226e204b8fe836c66408e0ec8e5db82",
    "https://deno.land/x/mtkruto@0.0.996/tl/4_tl_writer.ts": "121362c14564b424107e70ff117709b7b03429e31e5730e78981cd4ea14e220e",
    "https://deno.land/x/mtkruto@0.0.996/tl/5_rpc_result.ts": "6c0b1b0e2aa09602818673ada25a2378e91d4ddb60af38edcdda8761b1d6bc6d",
    "https://deno.land/x/mtkruto@0.0.996/tl/6_message.ts": "2f2456b6b14438e38bde7417b272245ca5f77a4871070576c4aa08c13379a477",
    "https://deno.land/x/mtkruto@0.0.996/tl/7_message_container.ts": "299ebcab614d0de301cb25948f2aa185c6d35f3391f7dec2e260e19e2d57110a",
    "https://deno.land/x/mtkruto@0.0.996/transport/0_obfuscation.ts": "7e7130cedc68ec33798affd1fc7cb3671017d9db6fbe61e026faa1ef63e67e90",
    "https://deno.land/x/mtkruto@0.0.996/transport/0_transport.ts": "7a77956475ea5562a3212becfe3e0c2360c31c37d68d06e494f42e8ba73fb8c6",
    "https://deno.land/x/mtkruto@0.0.996/transport/1_transport_abridged.ts": "1db90fa0a0d237b99fc57a8914179c36375de07ff7190a95a8b9dfb0209e4cfc",
    "https://deno.land/x/mtkruto@0.0.996/transport/1_transport_intermediate.ts": "f8a2cef41da0e40f85d89a6dfe1a1bd6913eaf17812f26463f0c07d82380bb56",
    "https://deno.land/x/mtkruto@0.0.996/transport/2_transport_provider.ts": "c5759c56f28c8f6d4d359a8fec1bb535d4ad15d9113bcc6035e1b4c10b44008d",
    "https://deno.land/x/mtkruto@0.0.996/types/!0_file_id.ts": "a073b53e5819611f6c15b8e58ed409f84a3ea6c580bf7d2551d553897ba5bf80",
    "https://deno.land/x/mtkruto@0.0.996/types/!0_misc.ts": "ce7f623fc623ad425885cc04a8ae741aa63c348ad640e47b03754c501f98ad0e",
    "https://deno.land/x/mtkruto@0.0.996/types/0_audio.ts": "f35a2b5b4782874545c3df98205df5430a09838fac6c8330f9eb84039a9746bb",
    "https://deno.land/x/mtkruto@0.0.996/types/0_chat_administrator_rights.ts": "82709b5da61c59fab8eca8de1e24e3e159f7f01d89be165076277e88938d3c4d",
    "https://deno.land/x/mtkruto@0.0.996/types/0_chat_photo.ts": "93ac944a8d5a91abe5076a1a27d9530421c8cdad47ebfa386eaf19a806379e0e",
    "https://deno.land/x/mtkruto@0.0.996/types/0_color.ts": "b5e431b9d9eb87455277666216fb0b0c1872d6cff7597f36cdb3381d1064140a",
    "https://deno.land/x/mtkruto@0.0.996/types/0_contact.ts": "06fc1c5de272a3f4ff68acefeabf921d4d24cd846f652a3bc66c57d0f0b16466",
    "https://deno.land/x/mtkruto@0.0.996/types/0_dice.ts": "102f739806d11c44f485425079c81f407dcf323880a536afcd6c61ddd3a6da05",
    "https://deno.land/x/mtkruto@0.0.996/types/0_force_reply.ts": "e828504fbdfb298074f6cc3b74bee994ddc94028bd238ec21b14e84bc2f5739e",
    "https://deno.land/x/mtkruto@0.0.996/types/0_keyboard_button_poll_type.ts": "54b8f8677d9a646ee2ba4766b76d4ce1c7ca35960552f508481cc23973c97e69",
    "https://deno.land/x/mtkruto@0.0.996/types/0_location.ts": "8cc5bfc1772e9ca6ef08b242c0afe96987cec0f8e69bc7866feff265e53b0cd5",
    "https://deno.land/x/mtkruto@0.0.996/types/0_login_url.ts": "398ecc77c32377130774c3efe9a4e34dc8c954c1944c1b0273dd05bea3a1f776",
    "https://deno.land/x/mtkruto@0.0.996/types/0_mask_position.ts": "dcd91796c7bdbe4295396d5ec7973cb4c5f8aaadddb9694cf6af10c6d0c4e0e4",
    "https://deno.land/x/mtkruto@0.0.996/types/0_message_entity.ts": "137fbfb80df5e9967b3b599959995e46c6d6beb667d3b951b1abea767ea87fd5",
    "https://deno.land/x/mtkruto@0.0.996/types/0_poll_option.ts": "807e42b6571147af97bac47cc2b38ac645a15c5d5e8c316e09f241927cca1980",
    "https://deno.land/x/mtkruto@0.0.996/types/0_reply_keyboard_remove.ts": "89f3a0cd491598a02e285f17ff97dfb3c863c605b670fbcbce37666ca3c6aa2c",
    "https://deno.land/x/mtkruto@0.0.996/types/0_thumbnail.ts": "db8cd91ef72e44ede30701e4bcbc77c564f57e94b7b45768349cf58da34492cd",
    "https://deno.land/x/mtkruto@0.0.996/types/0_venue.ts": "2afce97a134a163b5b5417397c7dd66b4c699746a1e247e049fc921ec4f92da3",
    "https://deno.land/x/mtkruto@0.0.996/types/0_voice.ts": "a1b077b339f55b6f2c8eff38118bb0e598258309d48d0cad9637e09b19743cce",
    "https://deno.land/x/mtkruto@0.0.996/types/0_web_app_info.ts": "8d831c6450c2043d94abbabb6f0333f6907f1f1e1d89e23123c21f3227d0080b",
    "https://deno.land/x/mtkruto@0.0.996/types/1_animation.ts": "862a9d8f53601f307d1525cf45730bc27bab94fb6369fc8167baa7a15f9ede5a",
    "https://deno.land/x/mtkruto@0.0.996/types/1_chat.ts": "758d19e3cd84068b5bf3433d0abdca071d9371fbc454ce1aab3888bc46bcb300",
    "https://deno.land/x/mtkruto@0.0.996/types/1_document.ts": "c97e82a225f0f234f34d6de5b2b5dbee2bcd3632be4181012755b6ad18818d80",
    "https://deno.land/x/mtkruto@0.0.996/types/1_inline_keyboard_button.ts": "2604e6547ef6a0fa345028c75de988b008ee05161bdb345bfbc96f90c382e30d",
    "https://deno.land/x/mtkruto@0.0.996/types/1_keyboard_button.ts": "13009bf9597f5b2360f37300940d176f11a1940b8b64cd169f26f00d0a39902b",
    "https://deno.land/x/mtkruto@0.0.996/types/1_photo.ts": "9d97f5ef13a19413ad43bbd7e7adc655f41dd6c313d690f6d3a6f4700409796f",
    "https://deno.land/x/mtkruto@0.0.996/types/1_poll.ts": "8d2bd5317399eddc7b99da53d14d1da5e121257ada0570813632b33105ec1f7d",
    "https://deno.land/x/mtkruto@0.0.996/types/1_sticker.ts": "a272e2cf91b2a5f93c5f76204fc0abc3f7cc2b274290057ddf27db80de15de1a",
    "https://deno.land/x/mtkruto@0.0.996/types/1_user.ts": "a1ea8e0caf7f9277baed6a7f78f11c3491a47f3ca3c557ae223eddda8b7811e7",
    "https://deno.land/x/mtkruto@0.0.996/types/1_video.ts": "ea13ef8ab617d3476fb3d2da7b3ffe07cea5b110b61da4e4a05e5a437f134ec8",
    "https://deno.land/x/mtkruto@0.0.996/types/1_video_note.ts": "2f146844cd9d2768e30555cb93becbb7f59180f040cebe972a13f151c7337d09",
    "https://deno.land/x/mtkruto@0.0.996/types/2_game.ts": "d13719808c786155bfe34bebe3cb7387585acd49345665586a946056d85785c8",
    "https://deno.land/x/mtkruto@0.0.996/types/2_inline_keyboard_markup.ts": "b15ce535e47cee4fe9b6046f7a52ecc5c3ee791f9af6f91bf5f97faa14eb90ce",
    "https://deno.land/x/mtkruto@0.0.996/types/2_inline_query.ts": "0450ce7a7d5d6ee8f98b5ba0c033c051fe4d9f698b0c2ef29812b29190b4162e",
    "https://deno.land/x/mtkruto@0.0.996/types/2_reply_keyboard_markup.ts": "594316c163bf129b83d24b869a5b3cad04dd11c57ffb1bbb50361d819529b6d9",
    "https://deno.land/x/mtkruto@0.0.996/types/3_message.ts": "122f38f9ca33bac6bdac050b27dfa249bbd3f5222341e534728b4d821b4d5904",
    "https://deno.land/x/mtkruto@0.0.996/types/4_callback_query.ts": "d28ae1590ae98bba831ead9c317d958d8a029cd57f2b473da643b95d42fea3bc",
    "https://deno.land/x/mtkruto@0.0.996/utilities/0_base64.ts": "c3879706219d4f89c81ee8abfb495c2840cb3e25792f84ad02b1266f77d7ac31",
    "https://deno.land/x/mtkruto@0.0.996/utilities/0_bigint.ts": "bf5e78bdb434900b559fc9dca04f4e3e94487c905a2da92a7643f59f88a2f015",
    "https://deno.land/x/mtkruto@0.0.996/utilities/0_buffer.ts": "c1eac806498a42a7c7da4b1b19545fc316e452b62e774a515fa5deb71871c976",
    "https://deno.land/x/mtkruto@0.0.996/utilities/0_control.ts": "3e6caa2c3a121474ce6635027d8eb004c66ba043c738c56d683d192ff7fb432f",
    "https://deno.land/x/mtkruto@0.0.996/utilities/0_crypto.ts": "29b24b59216a50d0243741d2bf9481424867c4ba8a6abb2a8f4043f543668158",
    "https://deno.land/x/mtkruto@0.0.996/utilities/0_hash.ts": "65731c5ac92be766aa37c85f03df0cc98911b8aeecf7c8c2df0a586eb2743c78",
    "https://deno.land/x/mtkruto@0.0.996/utilities/0_object.ts": "d3665da50847dd377cb84fd971dc199770fedaa37ea8e55ef3c0625acc04a95c",
    "https://deno.land/x/mtkruto@0.0.996/utilities/0_queue.ts": "08cfd2c08f50869b2c5c534740184ed5152197f4353a0a5a4d1c8f3db4041b79",
    "https://deno.land/x/mtkruto@0.0.996/utilities/0_rle.ts": "ca2418bd933955f44e497f59f533971d5c52794812bef1f9f02faf663f18bacf",
    "https://deno.land/x/mtkruto@0.0.996/utilities/0_types.ts": "32115c140f34c50b8931622980975079de004b92fbc3c680979abd7f9d32daa6",
    "https://deno.land/x/mtkruto@0.0.996/utilities/1_auth.ts": "761a54d9fcca76c075c3a3586de6bbdc8e1a2cb316f79222803712140bf86b54",
    "https://deno.land/x/mtkruto@0.0.996/utilities/1_misc.ts": "4dd21520cb8ee2a5b4eb2f3a94c4be524b393151813c8e0c8dfa8a47922d70b3",
    "https://deno.land/x/tgcrypto@0.1.3/mod.ts": "fd881046ba38584112778c4f0daea1089c2055b6cddbc9485c487edb26687bf7",
    "https://deno.land/x/tgcrypto@0.1.3/tgcrypto.js": "51773df29f18ae0e7cbc44711bee462944473f14d58552b878628e5050b6d29c",
    "https://esm.sh/async-mutex@0.4.0": "9d5de212bcaef789eeaba2a3f37b9c3477ec99968f9d2a8176b6b0e10e783f2c",
    "https://esm.sh/object-inspect@1.12.3": "8bdc577cc412c86fb957b46c763641df1ac5b54f712fe42f6cc55150d7597bd3",
    "https://esm.sh/v132/async-mutex@0.4.0/denonext/async-mutex.mjs": "cf505d897cb9ee6fa14993569c7dfad2e0954337adbb38522770201db5115aa2",
    "https://esm.sh/v132/object-inspect@1.12.3/denonext/object-inspect.mjs": "6cc9da4b2d1ebcc6008ba2fcc809430229062318eb0aff45eddc44ade994f7ed",
    "https://raw.githubusercontent.com/MTKruto/compress/main/gzip/gzip.ts": "06a60d6d05a89da687852dcbcb3248c19a3956eb9a428128dcefc1f17af458ee",
    "https://raw.githubusercontent.com/MTKruto/compress/main/utils/uint8.ts": "173de21aa289a8be0d402ca213e452211c30e8ff90957ddacacb07d6997ba019",
    "https://raw.githubusercontent.com/MTKruto/compress/main/zlib/deflate.ts": "e1e3b406dcc3e20021e53cde427b4b9ced752b72df820de73fec17c6e5ba999e",
    "https://raw.githubusercontent.com/MTKruto/compress/main/zlib/inflate.ts": "618cc3dd25d202bf6b89d92f3ab2865e7495884cafce950638c77cbc1537aeb1",
    "https://raw.githubusercontent.com/MTKruto/compress/main/zlib/mod.ts": "4dca9c1e934b7ab27f31c318abd7bfd39b09be96fd76ba27bd46f3a4e73b4ad0",
    "https://raw.githubusercontent.com/MTKruto/compress/main/zlib/zlib/adler32.ts": "e34c7596d63a655755c4b0a44a40d4f9c1d1c4d3b891e5c1f3f840f8939e1940",
    "https://raw.githubusercontent.com/MTKruto/compress/main/zlib/zlib/crc32.ts": "b9bc4adaf327d32585205d1176bd52f6453c06dd1040544611d4c869e638119c",
    "https://raw.githubusercontent.com/MTKruto/compress/main/zlib/zlib/deflate.ts": "8d1dd88630279313e50deed4fe5feefe8128307cc48fa560e659b5234ab09d83",
    "https://raw.githubusercontent.com/MTKruto/compress/main/zlib/zlib/gzheader.ts": "11e6da7383447aae9791308dc2350a809fa341a876a2da396b03a2a31408c20c",
    "https://raw.githubusercontent.com/MTKruto/compress/main/zlib/zlib/inffast.ts": "282daf5ea16bb876d26e342f3c24fe1a8ec84640e713a970b02232955a853f86",
    "https://raw.githubusercontent.com/MTKruto/compress/main/zlib/zlib/inflate.ts": "76751c1a5b18d70a929fa31ce4959db0bde1b9097bfa1b5ea3b4d1fba2ab92fa",
    "https://raw.githubusercontent.com/MTKruto/compress/main/zlib/zlib/inftrees.ts": "8a6d765a5c42bf3b6990060cabbe52e88493f8ce6d082e6e35d97756914cfb8e",
    "https://raw.githubusercontent.com/MTKruto/compress/main/zlib/zlib/messages.ts": "c82229bd67ccc3b6162f3aca1c5e7f936e546aa91ac9a9ac4fcfefc3a9dc5ac8",
    "https://raw.githubusercontent.com/MTKruto/compress/main/zlib/zlib/status.ts": "5987864d2d43d59bbbfa2e6ef4d5a07284c1d10489cc5843ddf41ac547957ac3",
    "https://raw.githubusercontent.com/MTKruto/compress/main/zlib/zlib/trees.ts": "6b65a767646e031e87e7b725ffad0c511fe701f393a01652e1e7ee8884f60fee",
    "https://raw.githubusercontent.com/MTKruto/compress/main/zlib/zlib/zstream.ts": "c110fd5919235e317d64933852e24a1bba0126202be592e90e58f7b19315ad93",
    "https://raw.githubusercontent.com/MTKruto/debug/main/colors.ts": "44a173fcca71f1fe196cb19e243cd8b78a98ae79be1b22d7b5aafabb6ec32794",
    "https://raw.githubusercontent.com/MTKruto/debug/main/debug.ts": "7662b95101a14b1bf3eae759d5d1f4c42b7c04880441f53e5798bcfd38e4d83e",
    "https://raw.githubusercontent.com/MTKruto/debug/main/deps.ts": "e1e45ffaa25aa257a50de879bae48343f9287720cf5bd7f87b02495be1334e63",
    "https://raw.githubusercontent.com/MTKruto/debug/main/format.ts": "9b361893aaca36e8d43cf30b39f8f72da98ee4120a49e79dc35dade23970ac35",
    "https://raw.githubusercontent.com/MTKruto/debug/main/mod.ts": "32e961550c7358a88a9bb2606ac70eeb168305298f5ae1e9536018d8f0c54118"
  }
}
